
Microsoft Visual Studio Solution File, Format Version 12.00
# Visual Studio Version 17
VisualStudioVersion = 17.10.34916.146
MinimumVisualStudioVersion = 10.0.40219.1
Project("{FAE04EC0-301F-11D3-BF4B-00C04F79EFBC}") = "PrimeiraApi", "PrimeiraApi.csproj", "{B58E1F7B-8FA1-4A67-AC79-975146D4571A}"
EndProject
Global
	GlobalSection(SolutionConfigurationPlatforms) = preSolution
		Debug|Any CPU = Debug|Any CPU
		Release|Any CPU = Release|Any CPU
	EndGlobalSection
	GlobalSection(ProjectConfigurationPlatforms) = postSolution
		{B58E1F7B-8FA1-4A67-AC79-975146D4571A}.Debug|Any CPU.ActiveCfg = Debug|Any CPU
		{B58E1F7B-8FA1-4A67-AC79-975146D4571A}.Debug|Any CPU.Build.0 = Debug|Any CPU
		{B58E1F7B-8FA1-4A67-AC79-975146D4571A}.Release|Any CPU.ActiveCfg = Release|Any CPU
		{B58E1F7B-8FA1-4A67-AC79-975146D4571A}.Release|Any CPU.Build.0 = Release|Any CPU
	EndGlobalSection
	GlobalSection(SolutionProperties) = preSolution
		HideSolutionNode = FALSE
	EndGlobalSection
	GlobalSection(ExtensibilityGlobals) = postSolution
		SolutionGuid = {1A4DC3C0-6CD6-43E6-9366-2CB7958E10DB}
	EndGlobalSection
EndGlobal
